
Microsoft Visual Studio Solution File, Format Version 12.00
# Visual Studio 15
VisualStudioVersion = 15.0.26228.57
MinimumVisualStudioVersion = 10.0.40219.1
Project("{FAE04EC0-301F-11D3-BF4B-00C04F79EFBC}") = "FBDBLibUnit", "FBDBLibUnit\FBDBLibUnit.csproj", "{C1EBAA06-98E1-409F-A494-A82D440FB784}"
EndProject
Project("{FAE04EC0-301F-11D3-BF4B-00C04F79EFBC}") = "FBDBLib", "FBDBLib\FBDBLib.csproj", "{051911A3-6DDA-4F18-AF8F-2536A247CF3E}"
EndProject
Project("{2150E333-8FDC-42A3-9474-1A3956D46DE8}") = "resources", "resources", "{41FB5742-E966-4235-8437-75828BD9C678}"
	ProjectSection(SolutionItems) = preProject
		content.txt = content.txt
		defense.htm = defense.htm
		offense.htm = offense.htm
		schedule.htm = schedule.htm
	EndProjectSection
EndProject
Project("{FAE04EC0-301F-11D3-BF4B-00C04F79EFBC}") = "DebugTester", "DebugTester\DebugTester.csproj", "{EC5BCB2B-B160-4D4F-984A-CD25A8DC1F0C}"
EndProject
Project("{FAE04EC0-301F-11D3-BF4B-00C04F79EFBC}") = "FBDBWeb", "FBDBWeb\FBDBWeb.csproj", "{336104AA-D4A3-4469-839F-BE9418156C02}"
EndProject
Global
	GlobalSection(SolutionConfigurationPlatforms) = preSolution
		Debug|Any CPU = Debug|Any CPU
		Release|Any CPU = Release|Any CPU
	EndGlobalSection
	GlobalSection(ProjectConfigurationPlatforms) = postSolution
		{C1EBAA06-98E1-409F-A494-A82D440FB784}.Debug|Any CPU.ActiveCfg = Debug|Any CPU
		{C1EBAA06-98E1-409F-A494-A82D440FB784}.Debug|Any CPU.Build.0 = Debug|Any CPU
		{C1EBAA06-98E1-409F-A494-A82D440FB784}.Release|Any CPU.ActiveCfg = Release|Any CPU
		{C1EBAA06-98E1-409F-A494-A82D440FB784}.Release|Any CPU.Build.0 = Release|Any CPU
		{051911A3-6DDA-4F18-AF8F-2536A247CF3E}.Debug|Any CPU.ActiveCfg = Debug|Any CPU
		{051911A3-6DDA-4F18-AF8F-2536A247CF3E}.Debug|Any CPU.Build.0 = Debug|Any CPU
		{051911A3-6DDA-4F18-AF8F-2536A247CF3E}.Release|Any CPU.ActiveCfg = Release|Any CPU
		{051911A3-6DDA-4F18-AF8F-2536A247CF3E}.Release|Any CPU.Build.0 = Release|Any CPU
		{EC5BCB2B-B160-4D4F-984A-CD25A8DC1F0C}.Debug|Any CPU.ActiveCfg = Debug|Any CPU
		{EC5BCB2B-B160-4D4F-984A-CD25A8DC1F0C}.Debug|Any CPU.Build.0 = Debug|Any CPU
		{EC5BCB2B-B160-4D4F-984A-CD25A8DC1F0C}.Release|Any CPU.ActiveCfg = Release|Any CPU
		{EC5BCB2B-B160-4D4F-984A-CD25A8DC1F0C}.Release|Any CPU.Build.0 = Release|Any CPU
		{336104AA-D4A3-4469-839F-BE9418156C02}.Debug|Any CPU.ActiveCfg = Debug|Any CPU
		{336104AA-D4A3-4469-839F-BE9418156C02}.Debug|Any CPU.Build.0 = Debug|Any CPU
		{336104AA-D4A3-4469-839F-BE9418156C02}.Release|Any CPU.ActiveCfg = Release|Any CPU
		{336104AA-D4A3-4469-839F-BE9418156C02}.Release|Any CPU.Build.0 = Release|Any CPU
	EndGlobalSection
	GlobalSection(SolutionProperties) = preSolution
		HideSolutionNode = FALSE
	EndGlobalSection
EndGlobal
